// !$*UTF8*$!
{
	archiveVersion = 1;
	classes = {
	};
	objectVersion = 46;
	objects = {

/* Begin PBXBuildFile section */
		2C0BE34E1E75FC61000AE962 /* MainController.swift in Sources */ = {isa = PBXBuildFile; fileRef = 2C0BE34C1E75FC61000AE962 /* MainController.swift */; };
		2C68D10E1E74BCF700D12AEC /* AppDelegate.swift in Sources */ = {isa = PBXBuildFile; fileRef = 2C68D10D1E74BCF700D12AEC /* AppDelegate.swift */; };
		2C68D1131E74BCF700D12AEC /* Main.storyboard in Resources */ = {isa = PBXBuildFile; fileRef = 2C68D1111E74BCF700D12AEC /* Main.storyboard */; };
		2C68D1151E74BCF700D12AEC /* Assets.xcassets in Resources */ = {isa = PBXBuildFile; fileRef = 2C68D1141E74BCF700D12AEC /* Assets.xcassets */; };
		2C68D1181E74BCF700D12AEC /* LaunchScreen.storyboard in Resources */ = {isa = PBXBuildFile; fileRef = 2C68D1161E74BCF700D12AEC /* LaunchScreen.storyboard */; };
		2C68D1221E74BD6500D12AEC /* GameKit.framework in Frameworks */ = {isa = PBXBuildFile; fileRef = 2C68D1211E74BD6500D12AEC /* GameKit.framework */; };
		2C6A126D1E75AD71003451E1 /* BoardController.swift in Sources */ = {isa = PBXBuildFile; fileRef = 2C6A126C1E75AD71003451E1 /* BoardController.swift */; };
		2C6A126F1E75BF3B003451E1 /* velvet.png in Resources */ = {isa = PBXBuildFile; fileRef = 2C6A126E1E75BF3B003451E1 /* velvet.png */; };
		2C6A12771E75C74C003451E1 /* NSStringExtensions.swift in Sources */ = {isa = PBXBuildFile; fileRef = 2C6A12711E75C74C003451E1 /* NSStringExtensions.swift */; };
		2C6A12781E75C74C003451E1 /* StringExtensions.swift in Sources */ = {isa = PBXBuildFile; fileRef = 2C6A12721E75C74C003451E1 /* StringExtensions.swift */; };
		2C6A12791E75C74C003451E1 /* UIColorExtensions.swift in Sources */ = {isa = PBXBuildFile; fileRef = 2C6A12731E75C74C003451E1 /* UIColorExtensions.swift */; };
		2C6A127A1E75C74C003451E1 /* UIFontExtensions.swift in Sources */ = {isa = PBXBuildFile; fileRef = 2C6A12741E75C74C003451E1 /* UIFontExtensions.swift */; };
		2C6A127B1E75C74C003451E1 /* UIViewControllerExtensions.swift in Sources */ = {isa = PBXBuildFile; fileRef = 2C6A12751E75C74C003451E1 /* UIViewControllerExtensions.swift */; };
		2C6A127C1E75C74C003451E1 /* UIViewExtensions.swift in Sources */ = {isa = PBXBuildFile; fileRef = 2C6A12761E75C74C003451E1 /* UIViewExtensions.swift */; };
		2C6A12801E75C7CF003451E1 /* xAxizView.swift in Sources */ = {isa = PBXBuildFile; fileRef = 2C6A127E1E75C7CF003451E1 /* xAxizView.swift */; };
		2C6A12811E75C7CF003451E1 /* yAxizView.swift in Sources */ = {isa = PBXBuildFile; fileRef = 2C6A127F1E75C7CF003451E1 /* yAxizView.swift */; };
		2C6A12831E75D6E6003451E1 /* Desk.swift in Sources */ = {isa = PBXBuildFile; fileRef = 2C6A12821E75D6E6003451E1 /* Desk.swift */; };
		2C6A12851E75D77E003451E1 /* Figure.swift in Sources */ = {isa = PBXBuildFile; fileRef = 2C6A12841E75D77E003451E1 /* Figure.swift */; };
		2CAAA0011E76A68500414961 /* UIImageExtensions.swift in Sources */ = {isa = PBXBuildFile; fileRef = 2CAAA0001E76A68500414961 /* UIImageExtensions.swift */; };
		2CAAA0051E76C0EB00414961 /* vChessModel.xcdatamodeld in Sources */ = {isa = PBXBuildFile; fileRef = 2CAAA0031E76C0EB00414961 /* vChessModel.xcdatamodeld */; };
		2CAAA0091E76C1AB00414961 /* ChessGame+CoreDataClass.swift in Sources */ = {isa = PBXBuildFile; fileRef = 2CAAA0071E76C1AB00414961 /* ChessGame+CoreDataClass.swift */; };
		2CAAA00A1E76C1AB00414961 /* ChessGame+CoreDataProperties.swift in Sources */ = {isa = PBXBuildFile; fileRef = 2CAAA0081E76C1AB00414961 /* ChessGame+CoreDataProperties.swift */; };
		2CAAA00D1E76C32700414961 /* User+CoreDataClass.swift in Sources */ = {isa = PBXBuildFile; fileRef = 2CAAA00B1E76C32700414961 /* User+CoreDataClass.swift */; };
		2CAAA00E1E76C32700414961 /* User+CoreDataProperties.swift in Sources */ = {isa = PBXBuildFile; fileRef = 2CAAA00C1E76C32700414961 /* User+CoreDataProperties.swift */; };
		2CAAA0121E76C64400414961 /* LoginController.swift in Sources */ = {isa = PBXBuildFile; fileRef = 2CAAA0101E76C64400414961 /* LoginController.swift */; };
		2CAAA0131E76C64400414961 /* SignUpController.swift in Sources */ = {isa = PBXBuildFile; fileRef = 2CAAA0111E76C64400414961 /* SignUpController.swift */; };
		2CAAA0211E76C6CB00414961 /* LGAlertView.m in Sources */ = {isa = PBXBuildFile; fileRef = 2CAAA0171E76C6CB00414961 /* LGAlertView.m */; };
		2CAAA0221E76C6CB00414961 /* LGAlertView.xib in Resources */ = {isa = PBXBuildFile; fileRef = 2CAAA0181E76C6CB00414961 /* LGAlertView.xib */; };
		2CAAA0231E76C6CB00414961 /* LGDecoratedAlertView.xib in Resources */ = {isa = PBXBuildFile; fileRef = 2CAAA0191E76C6CB00414961 /* LGDecoratedAlertView.xib */; };
		2CAAA0241E76C6CB00414961 /* LGProgressAlertView.xib in Resources */ = {isa = PBXBuildFile; fileRef = 2CAAA01A1E76C6CB00414961 /* LGProgressAlertView.xib */; };
		2CAAA0251E76C6CB00414961 /* LGProgressView.m in Sources */ = {isa = PBXBuildFile; fileRef = 2CAAA01C1E76C6CB00414961 /* LGProgressView.m */; };
		2CAAA0261E76C6CB00414961 /* LGTextFieldAlertView.xib in Resources */ = {isa = PBXBuildFile; fileRef = 2CAAA01D1E76C6CB00414961 /* LGTextFieldAlertView.xib */; };
		2CAAA0271E76C6CB00414961 /* LGVAlertView.xib in Resources */ = {isa = PBXBuildFile; fileRef = 2CAAA01E1E76C6CB00414961 /* LGVAlertView.xib */; };
		2CAAA0281E76C6CB00414961 /* NSPointerArray+AbstractionHelpers.m in Sources */ = {isa = PBXBuildFile; fileRef = 2CAAA0201E76C6CB00414961 /* NSPointerArray+AbstractionHelpers.m */; };
		2CAAA02A1E76C71F00414961 /* Model.swift in Sources */ = {isa = PBXBuildFile; fileRef = 2CAAA0291E76C71E00414961 /* Model.swift */; };
		2CAAA02F1E76C8CC00414961 /* Bolts.framework in Frameworks */ = {isa = PBXBuildFile; fileRef = 2CAAA02B1E76C8CC00414961 /* Bolts.framework */; };
		2CAAA0301E76C8CC00414961 /* FBSDKCoreKit.framework in Frameworks */ = {isa = PBXBuildFile; fileRef = 2CAAA02C1E76C8CC00414961 /* FBSDKCoreKit.framework */; };
		2CAAA0311E76C8CC00414961 /* FBSDKLoginKit.framework in Frameworks */ = {isa = PBXBuildFile; fileRef = 2CAAA02D1E76C8CC00414961 /* FBSDKLoginKit.framework */; };
		2CAAA0321E76C8CC00414961 /* FBSDKShareKit.framework in Frameworks */ = {isa = PBXBuildFile; fileRef = 2CAAA02E1E76C8CC00414961 /* FBSDKShareKit.framework */; };
		2CAAA0341E76C9C900414961 /* TextFieldContainer.swift in Sources */ = {isa = PBXBuildFile; fileRef = 2CAAA0331E76C9C900414961 /* TextFieldContainer.swift */; };
		2CAAA0371E76CDEF00414961 /* ActionSheet.swift in Sources */ = {isa = PBXBuildFile; fileRef = 2CAAA0351E76CDEF00414961 /* ActionSheet.swift */; };
		2CAAA0381E76CDEF00414961 /* ActionSheet.xib in Resources */ = {isa = PBXBuildFile; fileRef = 2CAAA0361E76CDEF00414961 /* ActionSheet.xib */; };
		2CB5BE9E1E76EF0B004E9019 /* SettingsController.swift in Sources */ = {isa = PBXBuildFile; fileRef = 2CB5BE9D1E76EF0B004E9019 /* SettingsController.swift */; };
		2CB5BEA01E76F205004E9019 /* ProfileCell.swift in Sources */ = {isa = PBXBuildFile; fileRef = 2CB5BE9F1E76F205004E9019 /* ProfileCell.swift */; };
		2CF5BE431E767DF2001EF8C8 /* Credentials.swift in Sources */ = {isa = PBXBuildFile; fileRef = 2CF5BE421E767DF2001EF8C8 /* Credentials.swift */; };
		2CF5BE451E767E02001EF8C8 /* GoogleService-Info.plist in Resources */ = {isa = PBXBuildFile; fileRef = 2CF5BE441E767E02001EF8C8 /* GoogleService-Info.plist */; };
		2CF5BE471E7682B3001EF8C8 /* MenuController.swift in Sources */ = {isa = PBXBuildFile; fileRef = 2CF5BE461E7682B3001EF8C8 /* MenuController.swift */; };
		BBAF61327E48F50DC282B5A7 /* Pods_v_Chess.framework in Frameworks */ = {isa = PBXBuildFile; fileRef = C2EEEB3C17B1D7064C31F8EC /* Pods_v_Chess.framework */; };
/* End PBXBuildFile section */

/* Begin PBXFileReference section */
		2C0BE34C1E75FC61000AE962 /* MainController.swift */ = {isa = PBXFileReference; fileEncoding = 4; lastKnownFileType = sourcecode.swift; path = MainController.swift; sourceTree = "<group>"; };
		2C68D10A1E74BCF700D12AEC /* v-Chess.app */ = {isa = PBXFileReference; explicitFileType = wrapper.application; includeInIndex = 0; path = "v-Chess.app"; sourceTree = BUILT_PRODUCTS_DIR; };
		2C68D10D1E74BCF700D12AEC /* AppDelegate.swift */ = {isa = PBXFileReference; lastKnownFileType = sourcecode.swift; path = AppDelegate.swift; sourceTree = "<group>"; };
		2C68D1121E74BCF700D12AEC /* Base */ = {isa = PBXFileReference; lastKnownFileType = file.storyboard; name = Base; path = Base.lproj/Main.storyboard; sourceTree = "<group>"; };
		2C68D1141E74BCF700D12AEC /* Assets.xcassets */ = {isa = PBXFileReference; lastKnownFileType = folder.assetcatalog; name = Assets.xcassets; path = "v-Chess/Assets.xcassets"; sourceTree = "<group>"; };
		2C68D1171E74BCF700D12AEC /* Base */ = {isa = PBXFileReference; lastKnownFileType = file.storyboard; name = Base; path = Base.lproj/LaunchScreen.storyboard; sourceTree = "<group>"; };
		2C68D1191E74BCF800D12AEC /* Info.plist */ = {isa = PBXFileReference; lastKnownFileType = text.plist.xml; name = Info.plist; path = "v-Chess/Info.plist"; sourceTree = "<group>"; };
		2C68D11F1E74BD4000D12AEC /* v-Chess.entitlements */ = {isa = PBXFileReference; lastKnownFileType = text.plist.entitlements; name = "v-Chess.entitlements"; path = "v-Chess/v-Chess.entitlements"; sourceTree = "<group>"; };
		2C68D1211E74BD6500D12AEC /* GameKit.framework */ = {isa = PBXFileReference; lastKnownFileType = wrapper.framework; name = GameKit.framework; path = System/Library/Frameworks/GameKit.framework; sourceTree = SDKROOT; };
		2C6A126C1E75AD71003451E1 /* BoardController.swift */ = {isa = PBXFileReference; fileEncoding = 4; lastKnownFileType = sourcecode.swift; path = BoardController.swift; sourceTree = "<group>"; };
		2C6A126E1E75BF3B003451E1 /* velvet.png */ = {isa = PBXFileReference; lastKnownFileType = image.png; path = velvet.png; sourceTree = "<group>"; };
		2C6A12711E75C74C003451E1 /* NSStringExtensions.swift */ = {isa = PBXFileReference; fileEncoding = 4; lastKnownFileType = sourcecode.swift; name = NSStringExtensions.swift; path = Extensions/NSStringExtensions.swift; sourceTree = "<group>"; };
		2C6A12721E75C74C003451E1 /* StringExtensions.swift */ = {isa = PBXFileReference; fileEncoding = 4; lastKnownFileType = sourcecode.swift; name = StringExtensions.swift; path = Extensions/StringExtensions.swift; sourceTree = "<group>"; };
		2C6A12731E75C74C003451E1 /* UIColorExtensions.swift */ = {isa = PBXFileReference; fileEncoding = 4; lastKnownFileType = sourcecode.swift; name = UIColorExtensions.swift; path = Extensions/UIColorExtensions.swift; sourceTree = "<group>"; };
		2C6A12741E75C74C003451E1 /* UIFontExtensions.swift */ = {isa = PBXFileReference; fileEncoding = 4; lastKnownFileType = sourcecode.swift; name = UIFontExtensions.swift; path = Extensions/UIFontExtensions.swift; sourceTree = "<group>"; };
		2C6A12751E75C74C003451E1 /* UIViewControllerExtensions.swift */ = {isa = PBXFileReference; fileEncoding = 4; lastKnownFileType = sourcecode.swift; name = UIViewControllerExtensions.swift; path = Extensions/UIViewControllerExtensions.swift; sourceTree = "<group>"; };
		2C6A12761E75C74C003451E1 /* UIViewExtensions.swift */ = {isa = PBXFileReference; fileEncoding = 4; lastKnownFileType = sourcecode.swift; name = UIViewExtensions.swift; path = Extensions/UIViewExtensions.swift; sourceTree = "<group>"; };
		2C6A127E1E75C7CF003451E1 /* xAxizView.swift */ = {isa = PBXFileReference; fileEncoding = 4; lastKnownFileType = sourcecode.swift; name = xAxizView.swift; path = CustomViews/xAxizView.swift; sourceTree = "<group>"; };
		2C6A127F1E75C7CF003451E1 /* yAxizView.swift */ = {isa = PBXFileReference; fileEncoding = 4; lastKnownFileType = sourcecode.swift; name = yAxizView.swift; path = CustomViews/yAxizView.swift; sourceTree = "<group>"; };
		2C6A12821E75D6E6003451E1 /* Desk.swift */ = {isa = PBXFileReference; fileEncoding = 4; lastKnownFileType = sourcecode.swift; name = Desk.swift; path = CustomViews/Desk.swift; sourceTree = "<group>"; };
		2C6A12841E75D77E003451E1 /* Figure.swift */ = {isa = PBXFileReference; fileEncoding = 4; lastKnownFileType = sourcecode.swift; name = Figure.swift; path = CustomViews/Figure.swift; sourceTree = "<group>"; };
		2CAAA0001E76A68500414961 /* UIImageExtensions.swift */ = {isa = PBXFileReference; fileEncoding = 4; lastKnownFileType = sourcecode.swift; name = UIImageExtensions.swift; path = Extensions/UIImageExtensions.swift; sourceTree = "<group>"; };
		2CAAA0041E76C0EB00414961 /* vChessModel.xcdatamodel */ = {isa = PBXFileReference; lastKnownFileType = wrapper.xcdatamodel; path = vChessModel.xcdatamodel; sourceTree = "<group>"; };
		2CAAA0061E76C14000414961 /* vChessModel 2.xcdatamodel */ = {isa = PBXFileReference; lastKnownFileType = wrapper.xcdatamodel; path = "vChessModel 2.xcdatamodel"; sourceTree = "<group>"; };
		2CAAA0071E76C1AB00414961 /* ChessGame+CoreDataClass.swift */ = {isa = PBXFileReference; fileEncoding = 4; lastKnownFileType = sourcecode.swift; name = "ChessGame+CoreDataClass.swift"; path = "Model/ChessGame+CoreDataClass.swift"; sourceTree = "<group>"; };
		2CAAA0081E76C1AB00414961 /* ChessGame+CoreDataProperties.swift */ = {isa = PBXFileReference; fileEncoding = 4; lastKnownFileType = sourcecode.swift; name = "ChessGame+CoreDataProperties.swift"; path = "Model/ChessGame+CoreDataProperties.swift"; sourceTree = "<group>"; };
		2CAAA00B1E76C32700414961 /* User+CoreDataClass.swift */ = {isa = PBXFileReference; fileEncoding = 4; lastKnownFileType = sourcecode.swift; name = "User+CoreDataClass.swift"; path = "Model/User+CoreDataClass.swift"; sourceTree = "<group>"; };
		2CAAA00C1E76C32700414961 /* User+CoreDataProperties.swift */ = {isa = PBXFileReference; fileEncoding = 4; lastKnownFileType = sourcecode.swift; name = "User+CoreDataProperties.swift"; path = "Model/User+CoreDataProperties.swift"; sourceTree = "<group>"; };
		2CAAA0101E76C64400414961 /* LoginController.swift */ = {isa = PBXFileReference; fileEncoding = 4; lastKnownFileType = sourcecode.swift; path = LoginController.swift; sourceTree = "<group>"; };
		2CAAA0111E76C64400414961 /* SignUpController.swift */ = {isa = PBXFileReference; fileEncoding = 4; lastKnownFileType = sourcecode.swift; path = SignUpController.swift; sourceTree = "<group>"; };
		2CAAA0151E76C6CA00414961 /* v-Chess-Bridging-Header.h */ = {isa = PBXFileReference; lastKnownFileType = sourcecode.c.h; path = "v-Chess-Bridging-Header.h"; sourceTree = "<group>"; };
		2CAAA0161E76C6CB00414961 /* LGAlertView.h */ = {isa = PBXFileReference; fileEncoding = 4; lastKnownFileType = sourcecode.c.h; name = LGAlertView.h; path = "v-Chess/LGAlertSheet/LGAlertView.h"; sourceTree = "<group>"; };
		2CAAA0171E76C6CB00414961 /* LGAlertView.m */ = {isa = PBXFileReference; fileEncoding = 4; lastKnownFileType = sourcecode.c.objc; name = LGAlertView.m; path = "v-Chess/LGAlertSheet/LGAlertView.m"; sourceTree = "<group>"; };
		2CAAA0181E76C6CB00414961 /* LGAlertView.xib */ = {isa = PBXFileReference; fileEncoding = 4; lastKnownFileType = file.xib; name = LGAlertView.xib; path = "v-Chess/LGAlertSheet/LGAlertView.xib"; sourceTree = "<group>"; };
		2CAAA0191E76C6CB00414961 /* LGDecoratedAlertView.xib */ = {isa = PBXFileReference; fileEncoding = 4; lastKnownFileType = file.xib; name = LGDecoratedAlertView.xib; path = "v-Chess/LGAlertSheet/LGDecoratedAlertView.xib"; sourceTree = "<group>"; };
		2CAAA01A1E76C6CB00414961 /* LGProgressAlertView.xib */ = {isa = PBXFileReference; fileEncoding = 4; lastKnownFileType = file.xib; name = LGProgressAlertView.xib; path = "v-Chess/LGAlertSheet/LGProgressAlertView.xib"; sourceTree = "<group>"; };
		2CAAA01B1E76C6CB00414961 /* LGProgressView.h */ = {isa = PBXFileReference; fileEncoding = 4; lastKnownFileType = sourcecode.c.h; name = LGProgressView.h; path = "v-Chess/LGAlertSheet/LGProgressView.h"; sourceTree = "<group>"; };
		2CAAA01C1E76C6CB00414961 /* LGProgressView.m */ = {isa = PBXFileReference; fileEncoding = 4; lastKnownFileType = sourcecode.c.objc; name = LGProgressView.m; path = "v-Chess/LGAlertSheet/LGProgressView.m"; sourceTree = "<group>"; };
		2CAAA01D1E76C6CB00414961 /* LGTextFieldAlertView.xib */ = {isa = PBXFileReference; fileEncoding = 4; lastKnownFileType = file.xib; name = LGTextFieldAlertView.xib; path = "v-Chess/LGAlertSheet/LGTextFieldAlertView.xib"; sourceTree = "<group>"; };
		2CAAA01E1E76C6CB00414961 /* LGVAlertView.xib */ = {isa = PBXFileReference; fileEncoding = 4; lastKnownFileType = file.xib; name = LGVAlertView.xib; path = "v-Chess/LGAlertSheet/LGVAlertView.xib"; sourceTree = "<group>"; };
		2CAAA01F1E76C6CB00414961 /* NSPointerArray+AbstractionHelpers.h */ = {isa = PBXFileReference; fileEncoding = 4; lastKnownFileType = sourcecode.c.h; name = "NSPointerArray+AbstractionHelpers.h"; path = "v-Chess/LGAlertSheet/NSPointerArray+AbstractionHelpers.h"; sourceTree = "<group>"; };
		2CAAA0201E76C6CB00414961 /* NSPointerArray+AbstractionHelpers.m */ = {isa = PBXFileReference; fileEncoding = 4; lastKnownFileType = sourcecode.c.objc; name = "NSPointerArray+AbstractionHelpers.m"; path = "v-Chess/LGAlertSheet/NSPointerArray+AbstractionHelpers.m"; sourceTree = "<group>"; };
		2CAAA0291E76C71E00414961 /* Model.swift */ = {isa = PBXFileReference; fileEncoding = 4; lastKnownFileType = sourcecode.swift; name = Model.swift; path = Model/Model.swift; sourceTree = "<group>"; };
		2CAAA02B1E76C8CC00414961 /* Bolts.framework */ = {isa = PBXFileReference; lastKnownFileType = wrapper.framework; path = Bolts.framework; sourceTree = "<group>"; };
		2CAAA02C1E76C8CC00414961 /* FBSDKCoreKit.framework */ = {isa = PBXFileReference; lastKnownFileType = wrapper.framework; path = FBSDKCoreKit.framework; sourceTree = "<group>"; };
		2CAAA02D1E76C8CC00414961 /* FBSDKLoginKit.framework */ = {isa = PBXFileReference; lastKnownFileType = wrapper.framework; path = FBSDKLoginKit.framework; sourceTree = "<group>"; };
		2CAAA02E1E76C8CC00414961 /* FBSDKShareKit.framework */ = {isa = PBXFileReference; lastKnownFileType = wrapper.framework; path = FBSDKShareKit.framework; sourceTree = "<group>"; };
		2CAAA0331E76C9C900414961 /* TextFieldContainer.swift */ = {isa = PBXFileReference; fileEncoding = 4; lastKnownFileType = sourcecode.swift; name = TextFieldContainer.swift; path = CustomViews/TextFieldContainer.swift; sourceTree = "<group>"; };
		2CAAA0351E76CDEF00414961 /* ActionSheet.swift */ = {isa = PBXFileReference; fileEncoding = 4; lastKnownFileType = sourcecode.swift; name = ActionSheet.swift; path = CustomViews/ActionSheet.swift; sourceTree = "<group>"; };
		2CAAA0361E76CDEF00414961 /* ActionSheet.xib */ = {isa = PBXFileReference; fileEncoding = 4; lastKnownFileType = file.xib; name = ActionSheet.xib; path = CustomViews/ActionSheet.xib; sourceTree = "<group>"; };
		2CB5BE9D1E76EF0B004E9019 /* SettingsController.swift */ = {isa = PBXFileReference; fileEncoding = 4; lastKnownFileType = sourcecode.swift; path = SettingsController.swift; sourceTree = "<group>"; };
		2CB5BE9F1E76F205004E9019 /* ProfileCell.swift */ = {isa = PBXFileReference; fileEncoding = 4; lastKnownFileType = sourcecode.swift; path = ProfileCell.swift; sourceTree = "<group>"; };
		2CF5BE421E767DF2001EF8C8 /* Credentials.swift */ = {isa = PBXFileReference; fileEncoding = 4; lastKnownFileType = sourcecode.swift; path = Credentials.swift; sourceTree = SOURCE_ROOT; };
		2CF5BE441E767E02001EF8C8 /* GoogleService-Info.plist */ = {isa = PBXFileReference; fileEncoding = 4; lastKnownFileType = text.plist.xml; path = "GoogleService-Info.plist"; sourceTree = "<group>"; };
		2CF5BE461E7682B3001EF8C8 /* MenuController.swift */ = {isa = PBXFileReference; fileEncoding = 4; lastKnownFileType = sourcecode.swift; path = MenuController.swift; sourceTree = "<group>"; };
		8D4F2BC3A1EFC6EE56203CE7 /* Pods-v-Chess.release.xcconfig */ = {isa = PBXFileReference; includeInIndex = 1; lastKnownFileType = text.xcconfig; name = "Pods-v-Chess.release.xcconfig"; path = "Pods/Target Support Files/Pods-v-Chess/Pods-v-Chess.release.xcconfig"; sourceTree = "<group>"; };
		AAC7754DB04219B59041B63F /* Pods-v-Chess.debug.xcconfig */ = {isa = PBXFileReference; includeInIndex = 1; lastKnownFileType = text.xcconfig; name = "Pods-v-Chess.debug.xcconfig"; path = "Pods/Target Support Files/Pods-v-Chess/Pods-v-Chess.debug.xcconfig"; sourceTree = "<group>"; };
		C2EEEB3C17B1D7064C31F8EC /* Pods_v_Chess.framework */ = {isa = PBXFileReference; explicitFileType = wrapper.framework; includeInIndex = 0; path = Pods_v_Chess.framework; sourceTree = BUILT_PRODUCTS_DIR; };
/* End PBXFileReference section */

/* Begin PBXFrameworksBuildPhase section */
		2C68D1071E74BCF600D12AEC /* Frameworks */ = {
			isa = PBXFrameworksBuildPhase;
			buildActionMask = 2147483647;
			files = (
				2CAAA02F1E76C8CC00414961 /* Bolts.framework in Frameworks */,
				2CAAA0301E76C8CC00414961 /* FBSDKCoreKit.framework in Frameworks */,
				2CAAA0311E76C8CC00414961 /* FBSDKLoginKit.framework in Frameworks */,
				2CAAA0321E76C8CC00414961 /* FBSDKShareKit.framework in Frameworks */,
				2C68D1221E74BD6500D12AEC /* GameKit.framework in Frameworks */,
				BBAF61327E48F50DC282B5A7 /* Pods_v_Chess.framework in Frameworks */,
			);
			runOnlyForDeploymentPostprocessing = 0;
		};
/* End PBXFrameworksBuildPhase section */

/* Begin PBXGroup section */
		0F67322FB282F6160F4FA71B /* Pods */ = {
			isa = PBXGroup;
			children = (
				AAC7754DB04219B59041B63F /* Pods-v-Chess.debug.xcconfig */,
				8D4F2BC3A1EFC6EE56203CE7 /* Pods-v-Chess.release.xcconfig */,
			);
			name = Pods;
			sourceTree = "<group>";
		};
		2C68D1011E74BCF600D12AEC = {
			isa = PBXGroup;
			children = (
				2CAAA0151E76C6CA00414961 /* v-Chess-Bridging-Header.h */,
				2CAAA0141E76C6A100414961 /* LGAlertView */,
				2C68D10C1E74BCF700D12AEC /* v-Chess */,
				2C68D1231E74BD8D00D12AEC /* Resources */,
				2C68D10B1E74BCF700D12AEC /* Products */,
				2C68D1201E74BD6500D12AEC /* Frameworks */,
				0F67322FB282F6160F4FA71B /* Pods */,
			);
			sourceTree = "<group>";
		};
		2C68D10B1E74BCF700D12AEC /* Products */ = {
			isa = PBXGroup;
			children = (
				2C68D10A1E74BCF700D12AEC /* v-Chess.app */,
			);
			name = Products;
			sourceTree = "<group>";
		};
		2C68D10C1E74BCF700D12AEC /* v-Chess */ = {
			isa = PBXGroup;
			children = (
				2CAAA0021E76C05100414961 /* Model */,
				2C6A127D1E75C78C003451E1 /* Custom Views */,
				2C6A12701E75C738003451E1 /* Extensions */,
				2CAAA00F1E76C62B00414961 /* Profile */,
				2C6A126C1E75AD71003451E1 /* BoardController.swift */,
				2C0BE34C1E75FC61000AE962 /* MainController.swift */,
				2CF5BE461E7682B3001EF8C8 /* MenuController.swift */,
				2C68D10D1E74BCF700D12AEC /* AppDelegate.swift */,
			);
			path = "v-Chess";
			sourceTree = "<group>";
		};
		2C68D1201E74BD6500D12AEC /* Frameworks */ = {
			isa = PBXGroup;
			children = (
				2CAAA02B1E76C8CC00414961 /* Bolts.framework */,
				2CAAA02C1E76C8CC00414961 /* FBSDKCoreKit.framework */,
				2CAAA02D1E76C8CC00414961 /* FBSDKLoginKit.framework */,
				2CAAA02E1E76C8CC00414961 /* FBSDKShareKit.framework */,
				2C68D1211E74BD6500D12AEC /* GameKit.framework */,
				C2EEEB3C17B1D7064C31F8EC /* Pods_v_Chess.framework */,
			);
			name = Frameworks;
			sourceTree = "<group>";
		};
		2C68D1231E74BD8D00D12AEC /* Resources */ = {
			isa = PBXGroup;
			children = (
				2C68D1111E74BCF700D12AEC /* Main.storyboard */,
				2C68D1141E74BCF700D12AEC /* Assets.xcassets */,
				2C6A126E1E75BF3B003451E1 /* velvet.png */,
				2C68D1161E74BCF700D12AEC /* LaunchScreen.storyboard */,
				2C68D11F1E74BD4000D12AEC /* v-Chess.entitlements */,
				2CF5BE441E767E02001EF8C8 /* GoogleService-Info.plist */,
				2C68D1191E74BCF800D12AEC /* Info.plist */,
				2CF5BE421E767DF2001EF8C8 /* Credentials.swift */,
			);
			name = Resources;
			sourceTree = "<group>";
		};
		2C6A12701E75C738003451E1 /* Extensions */ = {
			isa = PBXGroup;
			children = (
				2CAAA0001E76A68500414961 /* UIImageExtensions.swift */,
				2C6A12711E75C74C003451E1 /* NSStringExtensions.swift */,
				2C6A12721E75C74C003451E1 /* StringExtensions.swift */,
				2C6A12731E75C74C003451E1 /* UIColorExtensions.swift */,
				2C6A12741E75C74C003451E1 /* UIFontExtensions.swift */,
				2C6A12751E75C74C003451E1 /* UIViewControllerExtensions.swift */,
				2C6A12761E75C74C003451E1 /* UIViewExtensions.swift */,
			);
			name = Extensions;
			sourceTree = "<group>";
		};
		2C6A127D1E75C78C003451E1 /* Custom Views */ = {
			isa = PBXGroup;
			children = (
				2CAAA0351E76CDEF00414961 /* ActionSheet.swift */,
				2CAAA0361E76CDEF00414961 /* ActionSheet.xib */,
				2CAAA0331E76C9C900414961 /* TextFieldContainer.swift */,
				2C6A127E1E75C7CF003451E1 /* xAxizView.swift */,
				2C6A127F1E75C7CF003451E1 /* yAxizView.swift */,
				2C6A12821E75D6E6003451E1 /* Desk.swift */,
				2C6A12841E75D77E003451E1 /* Figure.swift */,
			);
			name = "Custom Views";
			sourceTree = "<group>";
		};
		2CAAA0021E76C05100414961 /* Model */ = {
			isa = PBXGroup;
			children = (
				2CAAA0031E76C0EB00414961 /* vChessModel.xcdatamodeld */,
				2CAAA00B1E76C32700414961 /* User+CoreDataClass.swift */,
				2CAAA00C1E76C32700414961 /* User+CoreDataProperties.swift */,
				2CAAA0071E76C1AB00414961 /* ChessGame+CoreDataClass.swift */,
				2CAAA0081E76C1AB00414961 /* ChessGame+CoreDataProperties.swift */,
				2CAAA0291E76C71E00414961 /* Model.swift */,
			);
			name = Model;
			sourceTree = "<group>";
		};
		2CAAA00F1E76C62B00414961 /* Profile */ = {
			isa = PBXGroup;
			children = (
				2CB5BE9D1E76EF0B004E9019 /* SettingsController.swift */,
				2CB5BE9F1E76F205004E9019 /* ProfileCell.swift */,
				2CAAA0101E76C64400414961 /* LoginController.swift */,
				2CAAA0111E76C64400414961 /* SignUpController.swift */,
			);
			name = Profile;
			sourceTree = "<group>";
		};
		2CAAA0141E76C6A100414961 /* LGAlertView */ = {
			isa = PBXGroup;
			children = (
				2CAAA0161E76C6CB00414961 /* LGAlertView.h */,
				2CAAA0171E76C6CB00414961 /* LGAlertView.m */,
				2CAAA0181E76C6CB00414961 /* LGAlertView.xib */,
				2CAAA0191E76C6CB00414961 /* LGDecoratedAlertView.xib */,
				2CAAA01A1E76C6CB00414961 /* LGProgressAlertView.xib */,
				2CAAA01B1E76C6CB00414961 /* LGProgressView.h */,
				2CAAA01C1E76C6CB00414961 /* LGProgressView.m */,
				2CAAA01D1E76C6CB00414961 /* LGTextFieldAlertView.xib */,
				2CAAA01E1E76C6CB00414961 /* LGVAlertView.xib */,
				2CAAA01F1E76C6CB00414961 /* NSPointerArray+AbstractionHelpers.h */,
				2CAAA0201E76C6CB00414961 /* NSPointerArray+AbstractionHelpers.m */,
			);
			name = LGAlertView;
			sourceTree = "<group>";
		};
/* End PBXGroup section */

/* Begin PBXNativeTarget section */
		2C68D1091E74BCF600D12AEC /* v-Chess */ = {
			isa = PBXNativeTarget;
			buildConfigurationList = 2C68D11C1E74BCF800D12AEC /* Build configuration list for PBXNativeTarget "v-Chess" */;
			buildPhases = (
				2BCC1787568464CA0A16BF90 /* [CP] Check Pods Manifest.lock */,
				2C68D1061E74BCF600D12AEC /* Sources */,
				2C68D1071E74BCF600D12AEC /* Frameworks */,
				2C68D1081E74BCF600D12AEC /* Resources */,
				B0DD89BBAE599B51A325DC40 /* [CP] Embed Pods Frameworks */,
				41CFA4C4E50DDC6052429288 /* [CP] Copy Pods Resources */,
			);
			buildRules = (
			);
			dependencies = (
			);
			name = "v-Chess";
			productName = "v-Chess";
			productReference = 2C68D10A1E74BCF700D12AEC /* v-Chess.app */;
			productType = "com.apple.product-type.application";
		};
/* End PBXNativeTarget section */

/* Begin PBXProject section */
		2C68D1021E74BCF600D12AEC /* Project object */ = {
			isa = PBXProject;
			attributes = {
				LastSwiftUpdateCheck = 0820;
				LastUpgradeCheck = 0820;
				ORGANIZATIONNAME = "V-Channel";
				TargetAttributes = {
					2C68D1091E74BCF600D12AEC = {
						CreatedOnToolsVersion = 8.2.1;
						DevelopmentTeam = 7TSVKXZ79P;
						LastSwiftMigration = 0820;
						ProvisioningStyle = Manual;
						SystemCapabilities = {
							com.apple.BackgroundModes = {
								enabled = 1;
							};
							com.apple.GameCenter = {
								enabled = 1;
							};
							com.apple.Push = {
								enabled = 1;
							};
						};
					};
				};
			};
			buildConfigurationList = 2C68D1051E74BCF600D12AEC /* Build configuration list for PBXProject "v-Chess" */;
			compatibilityVersion = "Xcode 3.2";
			developmentRegion = English;
			hasScannedForEncodings = 0;
			knownRegions = (
				en,
				Base,
			);
			mainGroup = 2C68D1011E74BCF600D12AEC;
			productRefGroup = 2C68D10B1E74BCF700D12AEC /* Products */;
			projectDirPath = "";
			projectRoot = "";
			targets = (
				2C68D1091E74BCF600D12AEC /* v-Chess */,
			);
		};
/* End PBXProject section */

/* Begin PBXResourcesBuildPhase section */
		2C68D1081E74BCF600D12AEC /* Resources */ = {
			isa = PBXResourcesBuildPhase;
			buildActionMask = 2147483647;
			files = (
				2CAAA0231E76C6CB00414961 /* LGDecoratedAlertView.xib in Resources */,
				2CAAA0221E76C6CB00414961 /* LGAlertView.xib in Resources */,
				2CAAA0381E76CDEF00414961 /* ActionSheet.xib in Resources */,
				2CAAA0261E76C6CB00414961 /* LGTextFieldAlertView.xib in Resources */,
				2C68D1181E74BCF700D12AEC /* LaunchScreen.storyboard in Resources */,
				2CAAA0241E76C6CB00414961 /* LGProgressAlertView.xib in Resources */,
				2CAAA0271E76C6CB00414961 /* LGVAlertView.xib in Resources */,
				2C68D1151E74BCF700D12AEC /* Assets.xcassets in Resources */,
				2CF5BE451E767E02001EF8C8 /* GoogleService-Info.plist in Resources */,
				2C68D1131E74BCF700D12AEC /* Main.storyboard in Resources */,
				2C6A126F1E75BF3B003451E1 /* velvet.png in Resources */,
			);
			runOnlyForDeploymentPostprocessing = 0;
		};
/* End PBXResourcesBuildPhase section */

/* Begin PBXShellScriptBuildPhase section */
		2BCC1787568464CA0A16BF90 /* [CP] Check Pods Manifest.lock */ = {
			isa = PBXShellScriptBuildPhase;
			buildActionMask = 2147483647;
			files = (
			);
			inputPaths = (
			);
			name = "[CP] Check Pods Manifest.lock";
			outputPaths = (
			);
			runOnlyForDeploymentPostprocessing = 0;
			shellPath = /bin/sh;
			shellScript = "diff \"${PODS_ROOT}/../Podfile.lock\" \"${PODS_ROOT}/Manifest.lock\" > /dev/null\nif [ $? != 0 ] ; then\n    # print error to STDERR\n    echo \"error: The sandbox is not in sync with the Podfile.lock. Run 'pod install' or update your CocoaPods installation.\" >&2\n    exit 1\nfi\n";
			showEnvVarsInLog = 0;
		};
		41CFA4C4E50DDC6052429288 /* [CP] Copy Pods Resources */ = {
			isa = PBXShellScriptBuildPhase;
			buildActionMask = 2147483647;
			files = (
			);
			inputPaths = (
			);
			name = "[CP] Copy Pods Resources";
			outputPaths = (
			);
			runOnlyForDeploymentPostprocessing = 0;
			shellPath = /bin/sh;
			shellScript = "\"${SRCROOT}/Pods/Target Support Files/Pods-v-Chess/Pods-v-Chess-resources.sh\"\n";
			showEnvVarsInLog = 0;
		};
		B0DD89BBAE599B51A325DC40 /* [CP] Embed Pods Frameworks */ = {
			isa = PBXShellScriptBuildPhase;
			buildActionMask = 2147483647;
			files = (
			);
			inputPaths = (
			);
			name = "[CP] Embed Pods Frameworks";
			outputPaths = (
			);
			runOnlyForDeploymentPostprocessing = 0;
			shellPath = /bin/sh;
			shellScript = "\"${SRCROOT}/Pods/Target Support Files/Pods-v-Chess/Pods-v-Chess-frameworks.sh\"\n";
			showEnvVarsInLog = 0;
		};
/* End PBXShellScriptBuildPhase section */

/* Begin PBXSourcesBuildPhase section */
		2C68D1061E74BCF600D12AEC /* Sources */ = {
			isa = PBXSourcesBuildPhase;
			buildActionMask = 2147483647;
			files = (
				2CAAA02A1E76C71F00414961 /* Model.swift in Sources */,
				2C6A12781E75C74C003451E1 /* StringExtensions.swift in Sources */,
				2C6A12771E75C74C003451E1 /* NSStringExtensions.swift in Sources */,
				2C6A12831E75D6E6003451E1 /* Desk.swift in Sources */,
				2CAAA0011E76A68500414961 /* UIImageExtensions.swift in Sources */,
				2C6A127C1E75C74C003451E1 /* UIViewExtensions.swift in Sources */,
				2CB5BE9E1E76EF0B004E9019 /* SettingsController.swift in Sources */,
				2CB5BEA01E76F205004E9019 /* ProfileCell.swift in Sources */,
				2CF5BE471E7682B3001EF8C8 /* MenuController.swift in Sources */,
				2CAAA0341E76C9C900414961 /* TextFieldContainer.swift in Sources */,
				2CAAA0091E76C1AB00414961 /* ChessGame+CoreDataClass.swift in Sources */,
				2C6A127A1E75C74C003451E1 /* UIFontExtensions.swift in Sources */,
				2CAAA0051E76C0EB00414961 /* vChessModel.xcdatamodeld in Sources */,
				2CAAA0251E76C6CB00414961 /* LGProgressView.m in Sources */,
				2C6A12851E75D77E003451E1 /* Figure.swift in Sources */,
				2CAAA0371E76CDEF00414961 /* ActionSheet.swift in Sources */,
				2C6A126D1E75AD71003451E1 /* BoardController.swift in Sources */,
				2CAAA0121E76C64400414961 /* LoginController.swift in Sources */,
				2CAAA0281E76C6CB00414961 /* NSPointerArray+AbstractionHelpers.m in Sources */,
				2CAAA0131E76C64400414961 /* SignUpController.swift in Sources */,
				2C68D10E1E74BCF700D12AEC /* AppDelegate.swift in Sources */,
				2C6A12811E75C7CF003451E1 /* yAxizView.swift in Sources */,
				2C6A12791E75C74C003451E1 /* UIColorExtensions.swift in Sources */,
				2CAAA00D1E76C32700414961 /* User+CoreDataClass.swift in Sources */,
				2C6A127B1E75C74C003451E1 /* UIViewControllerExtensions.swift in Sources */,
				2CF5BE431E767DF2001EF8C8 /* Credentials.swift in Sources */,
				2CAAA00E1E76C32700414961 /* User+CoreDataProperties.swift in Sources */,
				2CAAA00A1E76C1AB00414961 /* ChessGame+CoreDataProperties.swift in Sources */,
				2C6A12801E75C7CF003451E1 /* xAxizView.swift in Sources */,
				2CAAA0211E76C6CB00414961 /* LGAlertView.m in Sources */,
				2C0BE34E1E75FC61000AE962 /* MainController.swift in Sources */,
			);
			runOnlyForDeploymentPostprocessing = 0;
		};
/* End PBXSourcesBuildPhase section */

/* Begin PBXVariantGroup section */
		2C68D1111E74BCF700D12AEC /* Main.storyboard */ = {
			isa = PBXVariantGroup;
			children = (
				2C68D1121E74BCF700D12AEC /* Base */,
			);
			name = Main.storyboard;
			path = "v-Chess";
			sourceTree = "<group>";
		};
		2C68D1161E74BCF700D12AEC /* LaunchScreen.storyboard */ = {
			isa = PBXVariantGroup;
			children = (
				2C68D1171E74BCF700D12AEC /* Base */,
			);
			name = LaunchScreen.storyboard;
			path = "v-Chess";
			sourceTree = "<group>";
		};
/* End PBXVariantGroup section */

/* Begin XCBuildConfiguration section */
		2C68D11A1E74BCF800D12AEC /* Debug */ = {
			isa = XCBuildConfiguration;
			buildSettings = {
				ALWAYS_SEARCH_USER_PATHS = NO;
				CLANG_ANALYZER_NONNULL = YES;
				CLANG_CXX_LANGUAGE_STANDARD = "gnu++0x";
				CLANG_CXX_LIBRARY = "libc++";
				CLANG_ENABLE_MODULES = YES;
				CLANG_ENABLE_OBJC_ARC = YES;
				CLANG_WARN_BOOL_CONVERSION = YES;
				CLANG_WARN_CONSTANT_CONVERSION = YES;
				CLANG_WARN_DIRECT_OBJC_ISA_USAGE = YES_ERROR;
				CLANG_WARN_DOCUMENTATION_COMMENTS = YES;
				CLANG_WARN_EMPTY_BODY = YES;
				CLANG_WARN_ENUM_CONVERSION = YES;
				CLANG_WARN_INFINITE_RECURSION = YES;
				CLANG_WARN_INT_CONVERSION = YES;
				CLANG_WARN_OBJC_ROOT_CLASS = YES_ERROR;
				CLANG_WARN_SUSPICIOUS_MOVE = YES;
				CLANG_WARN_UNREACHABLE_CODE = YES;
				CLANG_WARN__DUPLICATE_METHOD_MATCH = YES;
				"CODE_SIGN_IDENTITY[sdk=iphoneos*]" = "iPhone Developer";
				COPY_PHASE_STRIP = NO;
				DEBUG_INFORMATION_FORMAT = dwarf;
				ENABLE_STRICT_OBJC_MSGSEND = YES;
				ENABLE_TESTABILITY = YES;
				GCC_C_LANGUAGE_STANDARD = gnu99;
				GCC_DYNAMIC_NO_PIC = NO;
				GCC_NO_COMMON_BLOCKS = YES;
				GCC_OPTIMIZATION_LEVEL = 0;
				GCC_PREPROCESSOR_DEFINITIONS = (
					"DEBUG=1",
					"$(inherited)",
				);
				GCC_WARN_64_TO_32_BIT_CONVERSION = YES;
				GCC_WARN_ABOUT_RETURN_TYPE = YES_ERROR;
				GCC_WARN_UNDECLARED_SELECTOR = YES;
				GCC_WARN_UNINITIALIZED_AUTOS = YES_AGGRESSIVE;
				GCC_WARN_UNUSED_FUNCTION = YES;
				GCC_WARN_UNUSED_VARIABLE = YES;
				IPHONEOS_DEPLOYMENT_TARGET = 9.0;
				MTL_ENABLE_DEBUG_INFO = YES;
				ONLY_ACTIVE_ARCH = YES;
				SDKROOT = iphoneos;
				SWIFT_ACTIVE_COMPILATION_CONDITIONS = DEBUG;
				SWIFT_OPTIMIZATION_LEVEL = "-Onone";
				TARGETED_DEVICE_FAMILY = "1,2";
			};
			name = Debug;
		};
		2C68D11B1E74BCF800D12AEC /* Release */ = {
			isa = XCBuildConfiguration;
			buildSettings = {
				ALWAYS_SEARCH_USER_PATHS = NO;
				CLANG_ANALYZER_NONNULL = YES;
				CLANG_CXX_LANGUAGE_STANDARD = "gnu++0x";
				CLANG_CXX_LIBRARY = "libc++";
				CLANG_ENABLE_MODULES = YES;
				CLANG_ENABLE_OBJC_ARC = YES;
				CLANG_WARN_BOOL_CONVERSION = YES;
				CLANG_WARN_CONSTANT_CONVERSION = YES;
				CLANG_WARN_DIRECT_OBJC_ISA_USAGE = YES_ERROR;
				CLANG_WARN_DOCUMENTATION_COMMENTS = YES;
				CLANG_WARN_EMPTY_BODY = YES;
				CLANG_WARN_ENUM_CONVERSION = YES;
				CLANG_WARN_INFINITE_RECURSION = YES;
				CLANG_WARN_INT_CONVERSION = YES;
				CLANG_WARN_OBJC_ROOT_CLASS = YES_ERROR;
				CLANG_WARN_SUSPICIOUS_MOVE = YES;
				CLANG_WARN_UNREACHABLE_CODE = YES;
				CLANG_WARN__DUPLICATE_METHOD_MATCH = YES;
				"CODE_SIGN_IDENTITY[sdk=iphoneos*]" = "iPhone Developer";
				COPY_PHASE_STRIP = NO;
				DEBUG_INFORMATION_FORMAT = "dwarf-with-dsym";
				ENABLE_NS_ASSERTIONS = NO;
				ENABLE_STRICT_OBJC_MSGSEND = YES;
				GCC_C_LANGUAGE_STANDARD = gnu99;
				GCC_NO_COMMON_BLOCKS = YES;
				GCC_WARN_64_TO_32_BIT_CONVERSION = YES;
				GCC_WARN_ABOUT_RETURN_TYPE = YES_ERROR;
				GCC_WARN_UNDECLARED_SELECTOR = YES;
				GCC_WARN_UNINITIALIZED_AUTOS = YES_AGGRESSIVE;
				GCC_WARN_UNUSED_FUNCTION = YES;
				GCC_WARN_UNUSED_VARIABLE = YES;
				IPHONEOS_DEPLOYMENT_TARGET = 9.0;
				MTL_ENABLE_DEBUG_INFO = NO;
				SDKROOT = iphoneos;
				SWIFT_OPTIMIZATION_LEVEL = "-Owholemodule";
				TARGETED_DEVICE_FAMILY = "1,2";
				VALIDATE_PRODUCT = YES;
			};
			name = Release;
		};
		2C68D11D1E74BCF800D12AEC /* Debug */ = {
			isa = XCBuildConfiguration;
			baseConfigurationReference = AAC7754DB04219B59041B63F /* Pods-v-Chess.debug.xcconfig */;
			buildSettings = {
				ASSETCATALOG_COMPILER_APPICON_NAME = AppIcon;
				CLANG_ENABLE_MODULES = YES;
				CODE_SIGN_ENTITLEMENTS = "v-Chess/v-Chess.entitlements";
				DEVELOPMENT_TEAM = 7TSVKXZ79P;
				FRAMEWORK_SEARCH_PATHS = (
					"$(inherited)",
					"$(PROJECT_DIR)",
				);
				INFOPLIST_FILE = "v-Chess/Info.plist";
				LD_RUNPATH_SEARCH_PATHS = "$(inherited) @executable_path/Frameworks";
				PRODUCT_BUNDLE_IDENTIFIER = com.vchannel.vchessViewer;
				PRODUCT_NAME = "$(TARGET_NAME)";
				PROVISIONING_PROFILE = "4c83ca87-b5de-4308-b86c-b5c6c486fc5b";
				PROVISIONING_PROFILE_SPECIFIER = "v-Chess Development";
				SWIFT_OBJC_BRIDGING_HEADER = "v-Chess-Bridging-Header.h";
				SWIFT_OPTIMIZATION_LEVEL = "-Onone";
				SWIFT_VERSION = 3.0;
			};
			name = Debug;
		};
		2C68D11E1E74BCF800D12AEC /* Release */ = {
			isa = XCBuildConfiguration;
			baseConfigurationReference = 8D4F2BC3A1EFC6EE56203CE7 /* Pods-v-Chess.release.xcconfig */;
			buildSettings = {
				ASSETCATALOG_COMPILER_APPICON_NAME = AppIcon;
				CLANG_ENABLE_MODULES = YES;
				CODE_SIGN_ENTITLEMENTS = "v-Chess/v-Chess.entitlements";
				"CODE_SIGN_IDENTITY[sdk=iphoneos*]" = "iPhone Distribution";
				DEVELOPMENT_TEAM = 7TSVKXZ79P;
				FRAMEWORK_SEARCH_PATHS = (
					"$(inherited)",
					"$(PROJECT_DIR)",
				);
				INFOPLIST_FILE = "v-Chess/Info.plist";
				LD_RUNPATH_SEARCH_PATHS = "$(inherited) @executable_path/Frameworks";
				PRODUCT_BUNDLE_IDENTIFIER = com.vchannel.vchessViewer;
				PRODUCT_NAME = "$(TARGET_NAME)";
				PROVISIONING_PROFILE = "557b3286-b6a8-4860-96c6-1fd4eb28fe44";
				PROVISIONING_PROFILE_SPECIFIER = "v-Chess AppStore";
				SWIFT_OBJC_BRIDGING_HEADER = "v-Chess-Bridging-Header.h";
				SWIFT_VERSION = 3.0;
			};
			name = Release;
		};
/* End XCBuildConfiguration section */

/* Begin XCConfigurationList section */
		2C68D1051E74BCF600D12AEC /* Build configuration list for PBXProject "v-Chess" */ = {
			isa = XCConfigurationList;
			buildConfigurations = (
				2C68D11A1E74BCF800D12AEC /* Debug */,
				2C68D11B1E74BCF800D12AEC /* Release */,
			);
			defaultConfigurationIsVisible = 0;
			defaultConfigurationName = Release;
		};
		2C68D11C1E74BCF800D12AEC /* Build configuration list for PBXNativeTarget "v-Chess" */ = {
			isa = XCConfigurationList;
			buildConfigurations = (
				2C68D11D1E74BCF800D12AEC /* Debug */,
				2C68D11E1E74BCF800D12AEC /* Release */,
			);
			defaultConfigurationIsVisible = 0;
			defaultConfigurationName = Release;
		};
/* End XCConfigurationList section */

/* Begin XCVersionGroup section */
		2CAAA0031E76C0EB00414961 /* vChessModel.xcdatamodeld */ = {
			isa = XCVersionGroup;
			children = (
				2CAAA0061E76C14000414961 /* vChessModel 2.xcdatamodel */,
				2CAAA0041E76C0EB00414961 /* vChessModel.xcdatamodel */,
			);
			currentVersion = 2CAAA0061E76C14000414961 /* vChessModel 2.xcdatamodel */;
			name = vChessModel.xcdatamodeld;
			path = Model/vChessModel.xcdatamodeld;
			sourceTree = "<group>";
			versionGroupType = wrapper.xcdatamodel;
		};
/* End XCVersionGroup section */
	};
	rootObject = 2C68D1021E74BCF600D12AEC /* Project object */;
}
